
Microsoft Visual Studio Solution File, Format Version 12.00
# Visual Studio Version 16
VisualStudioVersion = 16.0.29326.143
MinimumVisualStudioVersion = 10.0.40219.1
Project("{8BC9CEB8-8B4A-11D0-8D11-00A0C91BC942}") = "P2GLSL", "P2GLSL.vcxproj", "{999D89A7-5E5B-49B9-BF50-2B7FEE8EEF46}"
EndProject
Global
	GlobalSection(SolutionConfigurationPlatforms) = preSolution
		Debug|x86 = Debug|x86
		Release|x86 = Release|x86
	EndGlobalSection
	GlobalSection(ProjectConfigurationPlatforms) = postSolution
		{999D89A7-5E5B-49B9-BF50-2B7FEE8EEF46}.Debug|x86.ActiveCfg = Debug|Win32
		{999D89A7-5E5B-49B9-BF50-2B7FEE8EEF46}.Debug|x86.Build.0 = Debug|Win32
		{999D89A7-5E5B-49B9-BF50-2B7FEE8EEF46}.Release|x86.ActiveCfg = Release|Win32
		{999D89A7-5E5B-49B9-BF50-2B7FEE8EEF46}.Release|x86.Build.0 = Release|Win32
	EndGlobalSection
	GlobalSection(SolutionProperties) = preSolution
		HideSolutionNode = FALSE
	EndGlobalSection
	GlobalSection(ExtensibilityGlobals) = postSolution
		SolutionGuid = {615FD16B-DE5B-4F70-B16D-42A6A7147051}
	EndGlobalSection
EndGlobal
